{
  "name": "yeelight-awesome-es5-sample",
  "version": "1.0.0",
  "lockfileVersion": 1,
  "requires": true,
  "dependencies": {
    "ip": {
      "version": "1.1.5",
      "resolved": "https://registry.npmjs.org/ip/-/ip-1.1.5.tgz",
      "integrity": "sha1-vd7XARQpCCjAoDnnLvJfWq7ENUo="
    },
    "yeelight-awesome": {
      "version": "1.0.4",
      "resolved": "https://registry.npmjs.org/yeelight-awesome/-/yeelight-awesome-1.0.4.tgz",
      "integrity": "sha512-oSh97BkIvejA4z9y9hu5siBa/0G3qQfbTu1/DonuzUAhedg4AkmNW021CbPGgzz/Q6yZiuZMO25K+tN7SK2kfw==",
      "requires": {
        "ip": "^1.1.5"
      }
    }
  }
}
